<?xml version="1.0" encoding="utf-8"?>
<Project ToolsVersion="4.0" xmlns="http://schemas.microsoft.com/developer/msbuild/2003">
  <ItemGroup>
    <Filter Include="Headerdateien">
      <UniqueIdentifier>{93995380-89BD-4b04-88EB-625FBE52EBFB}</UniqueIdentifier>
      <Extensions>h;hh;hpp;hxx;hm;inl;inc;xsd</Extensions>
    </Filter>
    <Filter Include="Ressourcendateien">
      <UniqueIdentifier>{67DA6AB6-F800-4c08-8B7A-83BB121AAD01}</UniqueIdentifier>
      <Extensions>rc;ico;cur;bmp;dlg;rc2;rct;bin;rgs;gif;jpg;jpeg;jpe;resx;tiff;tif;png;wav;mfcribbon-ms</Extensions>
    </Filter>
    <Filter Include="Quelldateien">
      <UniqueIdentifier>{4FC737F1-C7A5-4376-A066-2A32D752A2FF}</UniqueIdentifier>
      <Extensions>cpp;c;cc;cxx;def;odl;idl;hpj;bat;asm;asmx</Extensions>
    </Filter>
    <Filter Include="Headerdateien\Model">
      <UniqueIdentifier>{6e0eb68f-fa5e-4b97-8f7c-e0ca441c365f}</UniqueIdentifier>
    </Filter>
    <Filter Include="Headerdateien\Mesh">
      <UniqueIdentifier>{74e011ca-fc66-4aa0-93f0-fa871606f230}</UniqueIdentifier>
    </Filter>
    <Filter Include="Quelldateien\Model">
      <UniqueIdentifier>{b9554fd5-4ef8-492d-a98d-1654d289c7dd}</UniqueIdentifier>
    </Filter>
    <Filter Include="Quelldateien\Mesh">
      <UniqueIdentifier>{60698508-49ca-4555-87fd-62f1f8d88914}</UniqueIdentifier>
    </Filter>
  </ItemGroup>
  <ItemGroup>
    <ClCompile Include="src\GraphicInfo.cpp">
      <Filter>Quelldateien\Mesh</Filter>
    </ClCompile>
    <ClCompile Include="src\ModelMesh.cpp">
      <Filter>Quelldateien\Mesh</Filter>
    </ClCompile>
    <ClCompile Include="src\ModelPart.cpp">
      <Filter>Quelldateien\Model</Filter>
    </ClCompile>
    <ClCompile Include="src\ModelProduct.cpp">
      <Filter>Quelldateien\Model</Filter>
    </ClCompile>
    <ClCompile Include="src\ModelBase.cpp">
      <Filter>Quelldateien\Model</Filter>
    </ClCompile>
    <ClCompile Include="src\Color.cpp">
      <Filter>Quelldateien\Mesh</Filter>
    </ClCompile>
    <ClCompile Include="src\ModelObject.cpp">
      <Filter>Quelldateien\Model</Filter>
    </ClCompile>
  </ItemGroup>
  <ItemGroup>
    <ClInclude Include="include\GraphicInfo.h">
      <Filter>Headerdateien\Mesh</Filter>
    </ClInclude>
    <ClInclude Include="include\ModelMesh.h">
      <Filter>Headerdateien\Mesh</Filter>
    </ClInclude>
    <ClInclude Include="include\ModelPart.h">
      <Filter>Headerdateien\Model</Filter>
    </ClInclude>
    <ClInclude Include="include\ModelProduct.h">
      <Filter>Headerdateien\Model</Filter>
    </ClInclude>
    <ClInclude Include="include\ModelBase.h">
      <Filter>Headerdateien\Model</Filter>
    </ClInclude>
    <ClInclude Include="include\Color.h">
      <Filter>Headerdateien\Mesh</Filter>
    </ClInclude>
    <ClInclude Include="include\ModelObject.h">
      <Filter>Headerdateien\Model</Filter>
    </ClInclude>
  </ItemGroup>
  <ItemGroup>
    <None Include="ClassDiagram.cd" />
    <None Include="ClassDiagram1.cd" />
  </ItemGroup>
</Project>